
Microsoft Visual Studio Solution File, Format Version 12.00
# Visual Studio Version 16
VisualStudioVersion = 16.0.31829.152
MinimumVisualStudioVersion = 10.0.40219.1
Project("{FAE04EC0-301F-11D3-BF4B-00C04F79EFBC}") = "ExponentLab", "ExponentLab\ExponentLab.csproj", "{DEF7E37F-E162-448B-A910-8CD2256A3C2A}"
EndProject
Global
	GlobalSection(SolutionConfigurationPlatforms) = preSolution
		Debug|Any CPU = Debug|Any CPU
		Release|Any CPU = Release|Any CPU
	EndGlobalSection
	GlobalSection(ProjectConfigurationPlatforms) = postSolution
		{DEF7E37F-E162-448B-A910-8CD2256A3C2A}.Debug|Any CPU.ActiveCfg = Debug|Any CPU
		{DEF7E37F-E162-448B-A910-8CD2256A3C2A}.Debug|Any CPU.Build.0 = Debug|Any CPU
		{DEF7E37F-E162-448B-A910-8CD2256A3C2A}.Release|Any CPU.ActiveCfg = Release|Any CPU
		{DEF7E37F-E162-448B-A910-8CD2256A3C2A}.Release|Any CPU.Build.0 = Release|Any CPU
	EndGlobalSection
	GlobalSection(SolutionProperties) = preSolution
		HideSolutionNode = FALSE
	EndGlobalSection
	GlobalSection(ExtensibilityGlobals) = postSolution
		SolutionGuid = {F9BAEE88-49BB-4E4D-9D9F-832B5E96E204}
	EndGlobalSection
EndGlobal
